{
    "_meta": {
        "hash": {
            "sha256": "c22f1c3733973826a952b2ce285985fb2fc82ffc636bcb3799542976183d9410"
        },
        "pipfile-spec": 6,
        "requires": {
            "python_version": "3.6.5"
        },
        "sources": [
            {
                "name": "pypi",
                "url": "https://pypi.org/simple",
                "verify_ssl": true
            }
        ]
    },
    "default": {
        "meson": {
            "hashes": [
                "sha256:a980e3f1102d42c96f8a29ed2549016539a2527d8f02b17926d3da3501fe7332"
            ],
            "index": "pypi",
            "version": "==0.49.2"
        }
    },
    "develop": {}
}
